
Microsoft Visual Studio Solution File, Format Version 12.00
# Visual Studio Version 17
VisualStudioVersion = 17.2.32210.308
MinimumVisualStudioVersion = 10.0.40219.1
Project("{FAE04EC0-301F-11D3-BF4B-00C04F79EFBC}") = "PowerPointViewer", "PowerPointViewer.csproj", "{0DF5006D-8E40-4A34-8AEC-17D287BDE06C}"
EndProject
Global
	GlobalSection(SolutionConfigurationPlatforms) = preSolution
		Debug|Any CPU = Debug|Any CPU
		Release|Any CPU = Release|Any CPU
	EndGlobalSection
	GlobalSection(ProjectConfigurationPlatforms) = postSolution
		{0DF5006D-8E40-4A34-8AEC-17D287BDE06C}.Debug|Any CPU.ActiveCfg = Debug|Any CPU
		{0DF5006D-8E40-4A34-8AEC-17D287BDE06C}.Debug|Any CPU.Build.0 = Debug|Any CPU
		{0DF5006D-8E40-4A34-8AEC-17D287BDE06C}.Release|Any CPU.ActiveCfg = Release|Any CPU
		{0DF5006D-8E40-4A34-8AEC-17D287BDE06C}.Release|Any CPU.Build.0 = Release|Any CPU
	EndGlobalSection
	GlobalSection(SolutionProperties) = preSolution
		HideSolutionNode = FALSE
	EndGlobalSection
	GlobalSection(ExtensibilityGlobals) = postSolution
		SolutionGuid = {F9B15152-DF22-4DFE-A624-246188E55F96}
	EndGlobalSection
EndGlobal
